{
  "name": "web-app",
  "requires": true,
  "lockfileVersion": 1,
  "dependencies": {
    "data-modal": {
      "version": "github:igvteam/data-modal#076012f7b132cb3eb65a28ec288807bc5bb94090",
      "from": "github:igvteam/data-modal"
    },
    "igv": {
      "version": "2.3.5",
      "resolved": "https://registry.npmjs.org/igv/-/igv-2.3.5.tgz",
      "integrity": "sha512-jwEXn/6Vc5K3ckKoTW8ok+PB+AUyTEXPN4tQZ6DXRFx1Mn7thO/DS2LpBSbHdPhMYKSdOc6QRSiFe6/26hBHWw=="
    },
    "igv-ui": {
      "version": "github:igvteam/igv-ui#38ce132f3709d69a1b28177771a9611ce00b25f2",
      "from": "github:igvteam/igv-ui"
    },
    "igv-utils": {
      "version": "github:igvteam/igv-utils#07918ab07d65d7c4a2f62163b0281b973e858ee1",
      "from": "github:igvteam/igv-utils"
    },
    "igv-widgets": {
      "version": "github:igvteam/igv-widgets#1e3d5f11775ddea05db3fd7a4fbb51a468e52bb0",
      "from": "github:igvteam/igv-widgets",
      "requires": {
        "data-modal": "github:igvteam/data-modal",
        "igv-ui": "github:igvteam/igv-ui",
        "igv-utils": "github:igvteam/igv-utils"
      }
    }
  }
}
